
Microsoft Visual Studio Solution File, Format Version 12.00
# Visual Studio 14
VisualStudioVersion = 14.0.25123.0
MinimumVisualStudioVersion = 10.0.40219.1
Project("{FAE04EC0-301F-11D3-BF4B-00C04F79EFBC}") = "Famtrak", "Famtrak\Famtrak\Famtrak.csproj", "{48E947E4-7A84-4357-9D26-0A589DDF43A1}"
EndProject
Project("{FAE04EC0-301F-11D3-BF4B-00C04F79EFBC}") = "Famtrak.Droid", "Famtrak\Famtrak.Droid\Famtrak.Droid.csproj", "{21EAA862-06E8-4B1E-AF68-3731B5C387C0}"
EndProject
Project("{FAE04EC0-301F-11D3-BF4B-00C04F79EFBC}") = "Famtrak.iOS", "Famtrak\Famtrak.iOS\Famtrak.iOS.csproj", "{3847F358-9F26-45A0-A16B-7D6C17ED0381}"
EndProject
Project("{FAE04EC0-301F-11D3-BF4B-00C04F79EFBC}") = "Famtrak.UWP", "Famtrak\Famtrak.UWP\Famtrak.UWP.csproj", "{47809042-8245-4E55-B458-F2E8C1A09266}"
EndProject
Project("{FAE04EC0-301F-11D3-BF4B-00C04F79EFBC}") = "Famtrak.Windows", "Famtrak\Famtrak.Windows\Famtrak.Windows.csproj", "{A770D620-3122-4430-9735-D6DB2D962E35}"
EndProject
Project("{FAE04EC0-301F-11D3-BF4B-00C04F79EFBC}") = "Famtrak.WinPhone", "Famtrak\Famtrak.WinPhone\Famtrak.WinPhone.csproj", "{89A78DCC-7CC9-49A9-8E45-79BEDAED943A}"
EndProject
Global
	GlobalSection(SolutionConfigurationPlatforms) = preSolution
		Ad-Hoc|Any CPU = Ad-Hoc|Any CPU
		Ad-Hoc|ARM = Ad-Hoc|ARM
		Ad-Hoc|iPhone = Ad-Hoc|iPhone
		Ad-Hoc|iPhoneSimulator = Ad-Hoc|iPhoneSimulator
		Ad-Hoc|x64 = Ad-Hoc|x64
		Ad-Hoc|x86 = Ad-Hoc|x86
		AppStore|Any CPU = AppStore|Any CPU
		AppStore|ARM = AppStore|ARM
		AppStore|iPhone = AppStore|iPhone
		AppStore|iPhoneSimulator = AppStore|iPhoneSimulator
		AppStore|x64 = AppStore|x64
		AppStore|x86 = AppStore|x86
		Debug|Any CPU = Debug|Any CPU
		Debug|ARM = Debug|ARM
		Debug|iPhone = Debug|iPhone
		Debug|iPhoneSimulator = Debug|iPhoneSimulator
		Debug|x64 = Debug|x64
		Debug|x86 = Debug|x86
		Release|Any CPU = Release|Any CPU
		Release|ARM = Release|ARM
		Release|iPhone = Release|iPhone
		Release|iPhoneSimulator = Release|iPhoneSimulator
		Release|x64 = Release|x64
		Release|x86 = Release|x86
	EndGlobalSection
	GlobalSection(ProjectConfigurationPlatforms) = postSolution
		{48E947E4-7A84-4357-9D26-0A589DDF43A1}.Ad-Hoc|Any CPU.ActiveCfg = Release|Any CPU
		{48E947E4-7A84-4357-9D26-0A589DDF43A1}.Ad-Hoc|Any CPU.Build.0 = Release|Any CPU
		{48E947E4-7A84-4357-9D26-0A589DDF43A1}.Ad-Hoc|ARM.ActiveCfg = Release|Any CPU
		{48E947E4-7A84-4357-9D26-0A589DDF43A1}.Ad-Hoc|ARM.Build.0 = Release|Any CPU
		{48E947E4-7A84-4357-9D26-0A589DDF43A1}.Ad-Hoc|iPhone.ActiveCfg = Release|Any CPU
		{48E947E4-7A84-4357-9D26-0A589DDF43A1}.Ad-Hoc|iPhone.Build.0 = Release|Any CPU
		{48E947E4-7A84-4357-9D26-0A589DDF43A1}.Ad-Hoc|iPhoneSimulator.ActiveCfg = Release|Any CPU
		{48E947E4-7A84-4357-9D26-0A589DDF43A1}.Ad-Hoc|iPhoneSimulator.Build.0 = Release|Any CPU
		{48E947E4-7A84-4357-9D26-0A589DDF43A1}.Ad-Hoc|x64.ActiveCfg = Release|Any CPU
		{48E947E4-7A84-4357-9D26-0A589DDF43A1}.Ad-Hoc|x64.Build.0 = Release|Any CPU
		{48E947E4-7A84-4357-9D26-0A589DDF43A1}.Ad-Hoc|x86.ActiveCfg = Release|Any CPU
		{48E947E4-7A84-4357-9D26-0A589DDF43A1}.Ad-Hoc|x86.Build.0 = Release|Any CPU
		{48E947E4-7A84-4357-9D26-0A589DDF43A1}.AppStore|Any CPU.ActiveCfg = Release|Any CPU
		{48E947E4-7A84-4357-9D26-0A589DDF43A1}.AppStore|Any CPU.Build.0 = Release|Any CPU
		{48E947E4-7A84-4357-9D26-0A589DDF43A1}.AppStore|ARM.ActiveCfg = Release|Any CPU
		{48E947E4-7A84-4357-9D26-0A589DDF43A1}.AppStore|ARM.Build.0 = Release|Any CPU
		{48E947E4-7A84-4357-9D26-0A589DDF43A1}.AppStore|iPhone.ActiveCfg = Release|Any CPU
		{48E947E4-7A84-4357-9D26-0A589DDF43A1}.AppStore|iPhone.Build.0 = Release|Any CPU
		{48E947E4-7A84-4357-9D26-0A589DDF43A1}.AppStore|iPhoneSimulator.ActiveCfg = Release|Any CPU
		{48E947E4-7A84-4357-9D26-0A589DDF43A1}.AppStore|iPhoneSimulator.Build.0 = Release|Any CPU
		{48E947E4-7A84-4357-9D26-0A589DDF43A1}.AppStore|x64.ActiveCfg = Release|Any CPU
		{48E947E4-7A84-4357-9D26-0A589DDF43A1}.AppStore|x64.Build.0 = Release|Any CPU
		{48E947E4-7A84-4357-9D26-0A589DDF43A1}.AppStore|x86.ActiveCfg = Release|Any CPU
		{48E947E4-7A84-4357-9D26-0A589DDF43A1}.AppStore|x86.Build.0 = Release|Any CPU
		{48E947E4-7A84-4357-9D26-0A589DDF43A1}.Debug|Any CPU.ActiveCfg = Debug|Any CPU
		{48E947E4-7A84-4357-9D26-0A589DDF43A1}.Debug|Any CPU.Build.0 = Debug|Any CPU
		{48E947E4-7A84-4357-9D26-0A589DDF43A1}.Debug|ARM.ActiveCfg = Debug|Any CPU
		{48E947E4-7A84-4357-9D26-0A589DDF43A1}.Debug|ARM.Build.0 = Debug|Any CPU
		{48E947E4-7A84-4357-9D26-0A589DDF43A1}.Debug|iPhone.ActiveCfg = Debug|Any CPU
		{48E947E4-7A84-4357-9D26-0A589DDF43A1}.Debug|iPhone.Build.0 = Debug|Any CPU
		{48E947E4-7A84-4357-9D26-0A589DDF43A1}.Debug|iPhoneSimulator.ActiveCfg = Debug|Any CPU
		{48E947E4-7A84-4357-9D26-0A589DDF43A1}.Debug|iPhoneSimulator.Build.0 = Debug|Any CPU
		{48E947E4-7A84-4357-9D26-0A589DDF43A1}.Debug|x64.ActiveCfg = Debug|Any CPU
		{48E947E4-7A84-4357-9D26-0A589DDF43A1}.Debug|x64.Build.0 = Debug|Any CPU
		{48E947E4-7A84-4357-9D26-0A589DDF43A1}.Debug|x86.ActiveCfg = Debug|Any CPU
		{48E947E4-7A84-4357-9D26-0A589DDF43A1}.Debug|x86.Build.0 = Debug|Any CPU
		{48E947E4-7A84-4357-9D26-0A589DDF43A1}.Release|Any CPU.ActiveCfg = Release|Any CPU
		{48E947E4-7A84-4357-9D26-0A589DDF43A1}.Release|Any CPU.Build.0 = Release|Any CPU
		{48E947E4-7A84-4357-9D26-0A589DDF43A1}.Release|ARM.ActiveCfg = Release|Any CPU
		{48E947E4-7A84-4357-9D26-0A589DDF43A1}.Release|ARM.Build.0 = Release|Any CPU
		{48E947E4-7A84-4357-9D26-0A589DDF43A1}.Release|iPhone.ActiveCfg = Release|Any CPU
		{48E947E4-7A84-4357-9D26-0A589DDF43A1}.Release|iPhone.Build.0 = Release|Any CPU
		{48E947E4-7A84-4357-9D26-0A589DDF43A1}.Release|iPhoneSimulator.ActiveCfg = Release|Any CPU
		{48E947E4-7A84-4357-9D26-0A589DDF43A1}.Release|iPhoneSimulator.Build.0 = Release|Any CPU
		{48E947E4-7A84-4357-9D26-0A589DDF43A1}.Release|x64.ActiveCfg = Release|Any CPU
		{48E947E4-7A84-4357-9D26-0A589DDF43A1}.Release|x64.Build.0 = Release|Any CPU
		{48E947E4-7A84-4357-9D26-0A589DDF43A1}.Release|x86.ActiveCfg = Release|Any CPU
		{48E947E4-7A84-4357-9D26-0A589DDF43A1}.Release|x86.Build.0 = Release|Any CPU
		{21EAA862-06E8-4B1E-AF68-3731B5C387C0}.Ad-Hoc|Any CPU.ActiveCfg = Release|Any CPU
		{21EAA862-06E8-4B1E-AF68-3731B5C387C0}.Ad-Hoc|Any CPU.Build.0 = Release|Any CPU
		{21EAA862-06E8-4B1E-AF68-3731B5C387C0}.Ad-Hoc|Any CPU.Deploy.0 = Release|Any CPU
		{21EAA862-06E8-4B1E-AF68-3731B5C387C0}.Ad-Hoc|ARM.ActiveCfg = Release|Any CPU
		{21EAA862-06E8-4B1E-AF68-3731B5C387C0}.Ad-Hoc|ARM.Build.0 = Release|Any CPU
		{21EAA862-06E8-4B1E-AF68-3731B5C387C0}.Ad-Hoc|ARM.Deploy.0 = Release|Any CPU
		{21EAA862-06E8-4B1E-AF68-3731B5C387C0}.Ad-Hoc|iPhone.ActiveCfg = Release|Any CPU
		{21EAA862-06E8-4B1E-AF68-3731B5C387C0}.Ad-Hoc|iPhone.Build.0 = Release|Any CPU
		{21EAA862-06E8-4B1E-AF68-3731B5C387C0}.Ad-Hoc|iPhone.Deploy.0 = Release|Any CPU
		{21EAA862-06E8-4B1E-AF68-3731B5C387C0}.Ad-Hoc|iPhoneSimulator.ActiveCfg = Release|Any CPU
		{21EAA862-06E8-4B1E-AF68-3731B5C387C0}.Ad-Hoc|iPhoneSimulator.Build.0 = Release|Any CPU
		{21EAA862-06E8-4B1E-AF68-3731B5C387C0}.Ad-Hoc|iPhoneSimulator.Deploy.0 = Release|Any CPU
		{21EAA862-06E8-4B1E-AF68-3731B5C387C0}.Ad-Hoc|x64.ActiveCfg = Release|Any CPU
		{21EAA862-06E8-4B1E-AF68-3731B5C387C0}.Ad-Hoc|x64.Build.0 = Release|Any CPU
		{21EAA862-06E8-4B1E-AF68-3731B5C387C0}.Ad-Hoc|x64.Deploy.0 = Release|Any CPU
		{21EAA862-06E8-4B1E-AF68-3731B5C387C0}.Ad-Hoc|x86.ActiveCfg = Release|Any CPU
		{21EAA862-06E8-4B1E-AF68-3731B5C387C0}.Ad-Hoc|x86.Build.0 = Release|Any CPU
		{21EAA862-06E8-4B1E-AF68-3731B5C387C0}.Ad-Hoc|x86.Deploy.0 = Release|Any CPU
		{21EAA862-06E8-4B1E-AF68-3731B5C387C0}.AppStore|Any CPU.ActiveCfg = Release|Any CPU
		{21EAA862-06E8-4B1E-AF68-3731B5C387C0}.AppStore|Any CPU.Build.0 = Release|Any CPU
		{21EAA862-06E8-4B1E-AF68-3731B5C387C0}.AppStore|Any CPU.Deploy.0 = Release|Any CPU
		{21EAA862-06E8-4B1E-AF68-3731B5C387C0}.AppStore|ARM.ActiveCfg = Release|Any CPU
		{21EAA862-06E8-4B1E-AF68-3731B5C387C0}.AppStore|ARM.Build.0 = Release|Any CPU
		{21EAA862-06E8-4B1E-AF68-3731B5C387C0}.AppStore|ARM.Deploy.0 = Release|Any CPU
		{21EAA862-06E8-4B1E-AF68-3731B5C387C0}.AppStore|iPhone.ActiveCfg = Release|Any CPU
		{21EAA862-06E8-4B1E-AF68-3731B5C387C0}.AppStore|iPhone.Build.0 = Release|Any CPU
		{21EAA862-06E8-4B1E-AF68-3731B5C387C0}.AppStore|iPhone.Deploy.0 = Release|Any CPU
		{21EAA862-06E8-4B1E-AF68-3731B5C387C0}.AppStore|iPhoneSimulator.ActiveCfg = Release|Any CPU
		{21EAA862-06E8-4B1E-AF68-3731B5C387C0}.AppStore|iPhoneSimulator.Build.0 = Release|Any CPU
		{21EAA862-06E8-4B1E-AF68-3731B5C387C0}.AppStore|iPhoneSimulator.Deploy.0 = Release|Any CPU
		{21EAA862-06E8-4B1E-AF68-3731B5C387C0}.AppStore|x64.ActiveCfg = Release|Any CPU
		{21EAA862-06E8-4B1E-AF68-3731B5C387C0}.AppStore|x64.Build.0 = Release|Any CPU
		{21EAA862-06E8-4B1E-AF68-3731B5C387C0}.AppStore|x64.Deploy.0 = Release|Any CPU
		{21EAA862-06E8-4B1E-AF68-3731B5C387C0}.AppStore|x86.ActiveCfg = Release|Any CPU
		{21EAA862-06E8-4B1E-AF68-3731B5C387C0}.AppStore|x86.Build.0 = Release|Any CPU
		{21EAA862-06E8-4B1E-AF68-3731B5C387C0}.AppStore|x86.Deploy.0 = Release|Any CPU
		{21EAA862-06E8-4B1E-AF68-3731B5C387C0}.Debug|Any CPU.ActiveCfg = Debug|Any CPU
		{21EAA862-06E8-4B1E-AF68-3731B5C387C0}.Debug|Any CPU.Build.0 = Debug|Any CPU
		{21EAA862-06E8-4B1E-AF68-3731B5C387C0}.Debug|Any CPU.Deploy.0 = Debug|Any CPU
		{21EAA862-06E8-4B1E-AF68-3731B5C387C0}.Debug|ARM.ActiveCfg = Debug|Any CPU
		{21EAA862-06E8-4B1E-AF68-3731B5C387C0}.Debug|ARM.Build.0 = Debug|Any CPU
		{21EAA862-06E8-4B1E-AF68-3731B5C387C0}.Debug|ARM.Deploy.0 = Debug|Any CPU
		{21EAA862-06E8-4B1E-AF68-3731B5C387C0}.Debug|iPhone.ActiveCfg = Debug|Any CPU
		{21EAA862-06E8-4B1E-AF68-3731B5C387C0}.Debug|iPhone.Build.0 = Debug|Any CPU
		{21EAA862-06E8-4B1E-AF68-3731B5C387C0}.Debug|iPhone.Deploy.0 = Debug|Any CPU
		{21EAA862-06E8-4B1E-AF68-3731B5C387C0}.Debug|iPhoneSimulator.ActiveCfg = Debug|Any CPU
		{21EAA862-06E8-4B1E-AF68-3731B5C387C0}.Debug|iPhoneSimulator.Build.0 = Debug|Any CPU
		{21EAA862-06E8-4B1E-AF68-3731B5C387C0}.Debug|iPhoneSimulator.Deploy.0 = Debug|Any CPU
		{21EAA862-06E8-4B1E-AF68-3731B5C387C0}.Debug|x64.ActiveCfg = Debug|Any CPU
		{21EAA862-06E8-4B1E-AF68-3731B5C387C0}.Debug|x64.Build.0 = Debug|Any CPU
		{21EAA862-06E8-4B1E-AF68-3731B5C387C0}.Debug|x64.Deploy.0 = Debug|Any CPU
		{21EAA862-06E8-4B1E-AF68-3731B5C387C0}.Debug|x86.ActiveCfg = Debug|Any CPU
		{21EAA862-06E8-4B1E-AF68-3731B5C387C0}.Debug|x86.Build.0 = Debug|Any CPU
		{21EAA862-06E8-4B1E-AF68-3731B5C387C0}.Debug|x86.Deploy.0 = Debug|Any CPU
		{21EAA862-06E8-4B1E-AF68-3731B5C387C0}.Release|Any CPU.ActiveCfg = Release|Any CPU
		{21EAA862-06E8-4B1E-AF68-3731B5C387C0}.Release|Any CPU.Build.0 = Release|Any CPU
		{21EAA862-06E8-4B1E-AF68-3731B5C387C0}.Release|Any CPU.Deploy.0 = Release|Any CPU
		{21EAA862-06E8-4B1E-AF68-3731B5C387C0}.Release|ARM.ActiveCfg = Release|Any CPU
		{21EAA862-06E8-4B1E-AF68-3731B5C387C0}.Release|ARM.Build.0 = Release|Any CPU
		{21EAA862-06E8-4B1E-AF68-3731B5C387C0}.Release|ARM.Deploy.0 = Release|Any CPU
		{21EAA862-06E8-4B1E-AF68-3731B5C387C0}.Release|iPhone.ActiveCfg = Release|Any CPU
		{21EAA862-06E8-4B1E-AF68-3731B5C387C0}.Release|iPhone.Build.0 = Release|Any CPU
		{21EAA862-06E8-4B1E-AF68-3731B5C387C0}.Release|iPhone.Deploy.0 = Release|Any CPU
		{21EAA862-06E8-4B1E-AF68-3731B5C387C0}.Release|iPhoneSimulator.ActiveCfg = Release|Any CPU
		{21EAA862-06E8-4B1E-AF68-3731B5C387C0}.Release|iPhoneSimulator.Build.0 = Release|Any CPU
		{21EAA862-06E8-4B1E-AF68-3731B5C387C0}.Release|iPhoneSimulator.Deploy.0 = Release|Any CPU
		{21EAA862-06E8-4B1E-AF68-3731B5C387C0}.Release|x64.ActiveCfg = Release|Any CPU
		{21EAA862-06E8-4B1E-AF68-3731B5C387C0}.Release|x64.Build.0 = Release|Any CPU
		{21EAA862-06E8-4B1E-AF68-3731B5C387C0}.Release|x64.Deploy.0 = Release|Any CPU
		{21EAA862-06E8-4B1E-AF68-3731B5C387C0}.Release|x86.ActiveCfg = Release|Any CPU
		{21EAA862-06E8-4B1E-AF68-3731B5C387C0}.Release|x86.Build.0 = Release|Any CPU
		{21EAA862-06E8-4B1E-AF68-3731B5C387C0}.Release|x86.Deploy.0 = Release|Any CPU
		{3847F358-9F26-45A0-A16B-7D6C17ED0381}.Ad-Hoc|Any CPU.ActiveCfg = Ad-Hoc|iPhone
		{3847F358-9F26-45A0-A16B-7D6C17ED0381}.Ad-Hoc|ARM.ActiveCfg = Ad-Hoc|iPhone
		{3847F358-9F26-45A0-A16B-7D6C17ED0381}.Ad-Hoc|iPhone.ActiveCfg = Ad-Hoc|iPhone
		{3847F358-9F26-45A0-A16B-7D6C17ED0381}.Ad-Hoc|iPhone.Build.0 = Ad-Hoc|iPhone
		{3847F358-9F26-45A0-A16B-7D6C17ED0381}.Ad-Hoc|iPhoneSimulator.ActiveCfg = Ad-Hoc|iPhoneSimulator
		{3847F358-9F26-45A0-A16B-7D6C17ED0381}.Ad-Hoc|iPhoneSimulator.Build.0 = Ad-Hoc|iPhoneSimulator
		{3847F358-9F26-45A0-A16B-7D6C17ED0381}.Ad-Hoc|x64.ActiveCfg = Ad-Hoc|iPhone
		{3847F358-9F26-45A0-A16B-7D6C17ED0381}.Ad-Hoc|x86.ActiveCfg = Ad-Hoc|iPhone
		{3847F358-9F26-45A0-A16B-7D6C17ED0381}.AppStore|Any CPU.ActiveCfg = AppStore|iPhone
		{3847F358-9F26-45A0-A16B-7D6C17ED0381}.AppStore|ARM.ActiveCfg = AppStore|iPhone
		{3847F358-9F26-45A0-A16B-7D6C17ED0381}.AppStore|iPhone.ActiveCfg = AppStore|iPhone
		{3847F358-9F26-45A0-A16B-7D6C17ED0381}.AppStore|iPhone.Build.0 = AppStore|iPhone
		{3847F358-9F26-45A0-A16B-7D6C17ED0381}.AppStore|iPhoneSimulator.ActiveCfg = AppStore|iPhoneSimulator
		{3847F358-9F26-45A0-A16B-7D6C17ED0381}.AppStore|iPhoneSimulator.Build.0 = AppStore|iPhoneSimulator
		{3847F358-9F26-45A0-A16B-7D6C17ED0381}.AppStore|x64.ActiveCfg = AppStore|iPhone
		{3847F358-9F26-45A0-A16B-7D6C17ED0381}.AppStore|x86.ActiveCfg = AppStore|iPhone
		{3847F358-9F26-45A0-A16B-7D6C17ED0381}.Debug|Any CPU.ActiveCfg = Debug|iPhone
		{3847F358-9F26-45A0-A16B-7D6C17ED0381}.Debug|ARM.ActiveCfg = Debug|iPhone
		{3847F358-9F26-45A0-A16B-7D6C17ED0381}.Debug|iPhone.ActiveCfg = Debug|iPhone
		{3847F358-9F26-45A0-A16B-7D6C17ED0381}.Debug|iPhone.Build.0 = Debug|iPhone
		{3847F358-9F26-45A0-A16B-7D6C17ED0381}.Debug|iPhoneSimulator.ActiveCfg = Debug|iPhoneSimulator
		{3847F358-9F26-45A0-A16B-7D6C17ED0381}.Debug|iPhoneSimulator.Build.0 = Debug|iPhoneSimulator
		{3847F358-9F26-45A0-A16B-7D6C17ED0381}.Debug|x64.ActiveCfg = Debug|iPhone
		{3847F358-9F26-45A0-A16B-7D6C17ED0381}.Debug|x86.ActiveCfg = Debug|iPhone
		{3847F358-9F26-45A0-A16B-7D6C17ED0381}.Release|Any CPU.ActiveCfg = Release|iPhone
		{3847F358-9F26-45A0-A16B-7D6C17ED0381}.Release|ARM.ActiveCfg = Release|iPhone
		{3847F358-9F26-45A0-A16B-7D6C17ED0381}.Release|iPhone.ActiveCfg = Release|iPhone
		{3847F358-9F26-45A0-A16B-7D6C17ED0381}.Release|iPhone.Build.0 = Release|iPhone
		{3847F358-9F26-45A0-A16B-7D6C17ED0381}.Release|iPhoneSimulator.ActiveCfg = Release|iPhoneSimulator
		{3847F358-9F26-45A0-A16B-7D6C17ED0381}.Release|iPhoneSimulator.Build.0 = Release|iPhoneSimulator
		{3847F358-9F26-45A0-A16B-7D6C17ED0381}.Release|x64.ActiveCfg = Release|iPhone
		{3847F358-9F26-45A0-A16B-7D6C17ED0381}.Release|x86.ActiveCfg = Release|iPhone
		{47809042-8245-4E55-B458-F2E8C1A09266}.Ad-Hoc|Any CPU.ActiveCfg = Release|x86
		{47809042-8245-4E55-B458-F2E8C1A09266}.Ad-Hoc|Any CPU.Build.0 = Release|x86
		{47809042-8245-4E55-B458-F2E8C1A09266}.Ad-Hoc|Any CPU.Deploy.0 = Release|x86
		{47809042-8245-4E55-B458-F2E8C1A09266}.Ad-Hoc|ARM.ActiveCfg = Release|ARM
		{47809042-8245-4E55-B458-F2E8C1A09266}.Ad-Hoc|ARM.Build.0 = Release|ARM
		{47809042-8245-4E55-B458-F2E8C1A09266}.Ad-Hoc|ARM.Deploy.0 = Release|ARM
		{47809042-8245-4E55-B458-F2E8C1A09266}.Ad-Hoc|iPhone.ActiveCfg = Release|x86
		{47809042-8245-4E55-B458-F2E8C1A09266}.Ad-Hoc|iPhone.Build.0 = Release|x86
		{47809042-8245-4E55-B458-F2E8C1A09266}.Ad-Hoc|iPhone.Deploy.0 = Release|x86
		{47809042-8245-4E55-B458-F2E8C1A09266}.Ad-Hoc|iPhoneSimulator.ActiveCfg = Release|x86
		{47809042-8245-4E55-B458-F2E8C1A09266}.Ad-Hoc|iPhoneSimulator.Build.0 = Release|x86
		{47809042-8245-4E55-B458-F2E8C1A09266}.Ad-Hoc|iPhoneSimulator.Deploy.0 = Release|x86
		{47809042-8245-4E55-B458-F2E8C1A09266}.Ad-Hoc|x64.ActiveCfg = Release|x64
		{47809042-8245-4E55-B458-F2E8C1A09266}.Ad-Hoc|x64.Build.0 = Release|x64
		{47809042-8245-4E55-B458-F2E8C1A09266}.Ad-Hoc|x64.Deploy.0 = Release|x64
		{47809042-8245-4E55-B458-F2E8C1A09266}.Ad-Hoc|x86.ActiveCfg = Release|x86
		{47809042-8245-4E55-B458-F2E8C1A09266}.Ad-Hoc|x86.Build.0 = Release|x86
		{47809042-8245-4E55-B458-F2E8C1A09266}.Ad-Hoc|x86.Deploy.0 = Release|x86
		{47809042-8245-4E55-B458-F2E8C1A09266}.AppStore|Any CPU.ActiveCfg = Release|x86
		{47809042-8245-4E55-B458-F2E8C1A09266}.AppStore|Any CPU.Build.0 = Release|x86
		{47809042-8245-4E55-B458-F2E8C1A09266}.AppStore|Any CPU.Deploy.0 = Release|x86
		{47809042-8245-4E55-B458-F2E8C1A09266}.AppStore|ARM.ActiveCfg = Release|ARM
		{47809042-8245-4E55-B458-F2E8C1A09266}.AppStore|ARM.Build.0 = Release|ARM
		{47809042-8245-4E55-B458-F2E8C1A09266}.AppStore|ARM.Deploy.0 = Release|ARM
		{47809042-8245-4E55-B458-F2E8C1A09266}.AppStore|iPhone.ActiveCfg = Release|x86
		{47809042-8245-4E55-B458-F2E8C1A09266}.AppStore|iPhone.Build.0 = Release|x86
		{47809042-8245-4E55-B458-F2E8C1A09266}.AppStore|iPhone.Deploy.0 = Release|x86
		{47809042-8245-4E55-B458-F2E8C1A09266}.AppStore|iPhoneSimulator.ActiveCfg = Release|x86
		{47809042-8245-4E55-B458-F2E8C1A09266}.AppStore|iPhoneSimulator.Build.0 = Release|x86
		{47809042-8245-4E55-B458-F2E8C1A09266}.AppStore|iPhoneSimulator.Deploy.0 = Release|x86
		{47809042-8245-4E55-B458-F2E8C1A09266}.AppStore|x64.ActiveCfg = Release|x64
		{47809042-8245-4E55-B458-F2E8C1A09266}.AppStore|x64.Build.0 = Release|x64
		{47809042-8245-4E55-B458-F2E8C1A09266}.AppStore|x64.Deploy.0 = Release|x64
		{47809042-8245-4E55-B458-F2E8C1A09266}.AppStore|x86.ActiveCfg = Release|x86
		{47809042-8245-4E55-B458-F2E8C1A09266}.AppStore|x86.Build.0 = Release|x86
		{47809042-8245-4E55-B458-F2E8C1A09266}.AppStore|x86.Deploy.0 = Release|x86
		{47809042-8245-4E55-B458-F2E8C1A09266}.Debug|Any CPU.ActiveCfg = Debug|x86
		{47809042-8245-4E55-B458-F2E8C1A09266}.Debug|Any CPU.Build.0 = Debug|x86
		{47809042-8245-4E55-B458-F2E8C1A09266}.Debug|Any CPU.Deploy.0 = Debug|x86
		{47809042-8245-4E55-B458-F2E8C1A09266}.Debug|ARM.ActiveCfg = Debug|ARM
		{47809042-8245-4E55-B458-F2E8C1A09266}.Debug|ARM.Build.0 = Debug|ARM
		{47809042-8245-4E55-B458-F2E8C1A09266}.Debug|ARM.Deploy.0 = Debug|ARM
		{47809042-8245-4E55-B458-F2E8C1A09266}.Debug|iPhone.ActiveCfg = Debug|x86
		{47809042-8245-4E55-B458-F2E8C1A09266}.Debug|iPhoneSimulator.ActiveCfg = Debug|x86
		{47809042-8245-4E55-B458-F2E8C1A09266}.Debug|x64.ActiveCfg = Debug|x64
		{47809042-8245-4E55-B458-F2E8C1A09266}.Debug|x64.Build.0 = Debug|x64
		{47809042-8245-4E55-B458-F2E8C1A09266}.Debug|x64.Deploy.0 = Debug|x64
		{47809042-8245-4E55-B458-F2E8C1A09266}.Debug|x86.ActiveCfg = Debug|x86
		{47809042-8245-4E55-B458-F2E8C1A09266}.Debug|x86.Build.0 = Debug|x86
		{47809042-8245-4E55-B458-F2E8C1A09266}.Debug|x86.Deploy.0 = Debug|x86
		{47809042-8245-4E55-B458-F2E8C1A09266}.Release|Any CPU.ActiveCfg = Release|x86
		{47809042-8245-4E55-B458-F2E8C1A09266}.Release|ARM.ActiveCfg = Release|ARM
		{47809042-8245-4E55-B458-F2E8C1A09266}.Release|ARM.Build.0 = Release|ARM
		{47809042-8245-4E55-B458-F2E8C1A09266}.Release|ARM.Deploy.0 = Release|ARM
		{47809042-8245-4E55-B458-F2E8C1A09266}.Release|iPhone.ActiveCfg = Release|x86
		{47809042-8245-4E55-B458-F2E8C1A09266}.Release|iPhoneSimulator.ActiveCfg = Release|x86
		{47809042-8245-4E55-B458-F2E8C1A09266}.Release|x64.ActiveCfg = Release|x64
		{47809042-8245-4E55-B458-F2E8C1A09266}.Release|x64.Build.0 = Release|x64
		{47809042-8245-4E55-B458-F2E8C1A09266}.Release|x64.Deploy.0 = Release|x64
		{47809042-8245-4E55-B458-F2E8C1A09266}.Release|x86.ActiveCfg = Release|x86
		{47809042-8245-4E55-B458-F2E8C1A09266}.Release|x86.Build.0 = Release|x86
		{47809042-8245-4E55-B458-F2E8C1A09266}.Release|x86.Deploy.0 = Release|x86
		{A770D620-3122-4430-9735-D6DB2D962E35}.Ad-Hoc|Any CPU.ActiveCfg = Release|Any CPU
		{A770D620-3122-4430-9735-D6DB2D962E35}.Ad-Hoc|Any CPU.Build.0 = Release|Any CPU
		{A770D620-3122-4430-9735-D6DB2D962E35}.Ad-Hoc|Any CPU.Deploy.0 = Release|Any CPU
		{A770D620-3122-4430-9735-D6DB2D962E35}.Ad-Hoc|ARM.ActiveCfg = Release|ARM
		{A770D620-3122-4430-9735-D6DB2D962E35}.Ad-Hoc|ARM.Build.0 = Release|ARM
		{A770D620-3122-4430-9735-D6DB2D962E35}.Ad-Hoc|ARM.Deploy.0 = Release|ARM
		{A770D620-3122-4430-9735-D6DB2D962E35}.Ad-Hoc|iPhone.ActiveCfg = Release|Any CPU
		{A770D620-3122-4430-9735-D6DB2D962E35}.Ad-Hoc|iPhone.Build.0 = Release|Any CPU
		{A770D620-3122-4430-9735-D6DB2D962E35}.Ad-Hoc|iPhone.Deploy.0 = Release|Any CPU
		{A770D620-3122-4430-9735-D6DB2D962E35}.Ad-Hoc|iPhoneSimulator.ActiveCfg = Release|Any CPU
		{A770D620-3122-4430-9735-D6DB2D962E35}.Ad-Hoc|iPhoneSimulator.Build.0 = Release|Any CPU
		{A770D620-3122-4430-9735-D6DB2D962E35}.Ad-Hoc|iPhoneSimulator.Deploy.0 = Release|Any CPU
		{A770D620-3122-4430-9735-D6DB2D962E35}.Ad-Hoc|x64.ActiveCfg = Release|x64
		{A770D620-3122-4430-9735-D6DB2D962E35}.Ad-Hoc|x64.Build.0 = Release|x64
		{A770D620-3122-4430-9735-D6DB2D962E35}.Ad-Hoc|x64.Deploy.0 = Release|x64
		{A770D620-3122-4430-9735-D6DB2D962E35}.Ad-Hoc|x86.ActiveCfg = Release|x86
		{A770D620-3122-4430-9735-D6DB2D962E35}.Ad-Hoc|x86.Build.0 = Release|x86
		{A770D620-3122-4430-9735-D6DB2D962E35}.Ad-Hoc|x86.Deploy.0 = Release|x86
		{A770D620-3122-4430-9735-D6DB2D962E35}.AppStore|Any CPU.ActiveCfg = Release|Any CPU
		{A770D620-3122-4430-9735-D6DB2D962E35}.AppStore|Any CPU.Build.0 = Release|Any CPU
		{A770D620-3122-4430-9735-D6DB2D962E35}.AppStore|Any CPU.Deploy.0 = Release|Any CPU
		{A770D620-3122-4430-9735-D6DB2D962E35}.AppStore|ARM.ActiveCfg = Release|ARM
		{A770D620-3122-4430-9735-D6DB2D962E35}.AppStore|ARM.Build.0 = Release|ARM
		{A770D620-3122-4430-9735-D6DB2D962E35}.AppStore|ARM.Deploy.0 = Release|ARM
		{A770D620-3122-4430-9735-D6DB2D962E35}.AppStore|iPhone.ActiveCfg = Release|Any CPU
		{A770D620-3122-4430-9735-D6DB2D962E35}.AppStore|iPhone.Build.0 = Release|Any CPU
		{A770D620-3122-4430-9735-D6DB2D962E35}.AppStore|iPhone.Deploy.0 = Release|Any CPU
		{A770D620-3122-4430-9735-D6DB2D962E35}.AppStore|iPhoneSimulator.ActiveCfg = Release|Any CPU
		{A770D620-3122-4430-9735-D6DB2D962E35}.AppStore|iPhoneSimulator.Build.0 = Release|Any CPU
		{A770D620-3122-4430-9735-D6DB2D962E35}.AppStore|iPhoneSimulator.Deploy.0 = Release|Any CPU
		{A770D620-3122-4430-9735-D6DB2D962E35}.AppStore|x64.ActiveCfg = Release|x64
		{A770D620-3122-4430-9735-D6DB2D962E35}.AppStore|x64.Build.0 = Release|x64
		{A770D620-3122-4430-9735-D6DB2D962E35}.AppStore|x64.Deploy.0 = Release|x64
		{A770D620-3122-4430-9735-D6DB2D962E35}.AppStore|x86.ActiveCfg = Release|x86
		{A770D620-3122-4430-9735-D6DB2D962E35}.AppStore|x86.Build.0 = Release|x86
		{A770D620-3122-4430-9735-D6DB2D962E35}.AppStore|x86.Deploy.0 = Release|x86
		{A770D620-3122-4430-9735-D6DB2D962E35}.Debug|Any CPU.ActiveCfg = Debug|Any CPU
		{A770D620-3122-4430-9735-D6DB2D962E35}.Debug|Any CPU.Build.0 = Debug|Any CPU
		{A770D620-3122-4430-9735-D6DB2D962E35}.Debug|Any CPU.Deploy.0 = Debug|Any CPU
		{A770D620-3122-4430-9735-D6DB2D962E35}.Debug|ARM.ActiveCfg = Debug|ARM
		{A770D620-3122-4430-9735-D6DB2D962E35}.Debug|ARM.Build.0 = Debug|ARM
		{A770D620-3122-4430-9735-D6DB2D962E35}.Debug|ARM.Deploy.0 = Debug|ARM
		{A770D620-3122-4430-9735-D6DB2D962E35}.Debug|iPhone.ActiveCfg = Debug|Any CPU
		{A770D620-3122-4430-9735-D6DB2D962E35}.Debug|iPhone.Build.0 = Debug|Any CPU
		{A770D620-3122-4430-9735-D6DB2D962E35}.Debug|iPhone.Deploy.0 = Debug|Any CPU
		{A770D620-3122-4430-9735-D6DB2D962E35}.Debug|iPhoneSimulator.ActiveCfg = Debug|Any CPU
		{A770D620-3122-4430-9735-D6DB2D962E35}.Debug|iPhoneSimulator.Build.0 = Debug|Any CPU
		{A770D620-3122-4430-9735-D6DB2D962E35}.Debug|iPhoneSimulator.Deploy.0 = Debug|Any CPU
		{A770D620-3122-4430-9735-D6DB2D962E35}.Debug|x64.ActiveCfg = Debug|x64
		{A770D620-3122-4430-9735-D6DB2D962E35}.Debug|x64.Build.0 = Debug|x64
		{A770D620-3122-4430-9735-D6DB2D962E35}.Debug|x64.Deploy.0 = Debug|x64
		{A770D620-3122-4430-9735-D6DB2D962E35}.Debug|x86.ActiveCfg = Debug|x86
		{A770D620-3122-4430-9735-D6DB2D962E35}.Debug|x86.Build.0 = Debug|x86
		{A770D620-3122-4430-9735-D6DB2D962E35}.Debug|x86.Deploy.0 = Debug|x86
		{A770D620-3122-4430-9735-D6DB2D962E35}.Release|Any CPU.ActiveCfg = Release|Any CPU
		{A770D620-3122-4430-9735-D6DB2D962E35}.Release|Any CPU.Build.0 = Release|Any CPU
		{A770D620-3122-4430-9735-D6DB2D962E35}.Release|Any CPU.Deploy.0 = Release|Any CPU
		{A770D620-3122-4430-9735-D6DB2D962E35}.Release|ARM.ActiveCfg = Release|ARM
		{A770D620-3122-4430-9735-D6DB2D962E35}.Release|ARM.Build.0 = Release|ARM
		{A770D620-3122-4430-9735-D6DB2D962E35}.Release|ARM.Deploy.0 = Release|ARM
		{A770D620-3122-4430-9735-D6DB2D962E35}.Release|iPhone.ActiveCfg = Release|Any CPU
		{A770D620-3122-4430-9735-D6DB2D962E35}.Release|iPhone.Build.0 = Release|Any CPU
		{A770D620-3122-4430-9735-D6DB2D962E35}.Release|iPhone.Deploy.0 = Release|Any CPU
		{A770D620-3122-4430-9735-D6DB2D962E35}.Release|iPhoneSimulator.ActiveCfg = Release|Any CPU
		{A770D620-3122-4430-9735-D6DB2D962E35}.Release|iPhoneSimulator.Build.0 = Release|Any CPU
		{A770D620-3122-4430-9735-D6DB2D962E35}.Release|iPhoneSimulator.Deploy.0 = Release|Any CPU
		{A770D620-3122-4430-9735-D6DB2D962E35}.Release|x64.ActiveCfg = Release|x64
		{A770D620-3122-4430-9735-D6DB2D962E35}.Release|x64.Build.0 = Release|x64
		{A770D620-3122-4430-9735-D6DB2D962E35}.Release|x64.Deploy.0 = Release|x64
		{A770D620-3122-4430-9735-D6DB2D962E35}.Release|x86.ActiveCfg = Release|x86
		{A770D620-3122-4430-9735-D6DB2D962E35}.Release|x86.Build.0 = Release|x86
		{A770D620-3122-4430-9735-D6DB2D962E35}.Release|x86.Deploy.0 = Release|x86
		{89A78DCC-7CC9-49A9-8E45-79BEDAED943A}.Ad-Hoc|Any CPU.ActiveCfg = Release|Any CPU
		{89A78DCC-7CC9-49A9-8E45-79BEDAED943A}.Ad-Hoc|Any CPU.Build.0 = Release|Any CPU
		{89A78DCC-7CC9-49A9-8E45-79BEDAED943A}.Ad-Hoc|Any CPU.Deploy.0 = Release|Any CPU
		{89A78DCC-7CC9-49A9-8E45-79BEDAED943A}.Ad-Hoc|ARM.ActiveCfg = Release|ARM
		{89A78DCC-7CC9-49A9-8E45-79BEDAED943A}.Ad-Hoc|ARM.Build.0 = Release|ARM
		{89A78DCC-7CC9-49A9-8E45-79BEDAED943A}.Ad-Hoc|ARM.Deploy.0 = Release|ARM
		{89A78DCC-7CC9-49A9-8E45-79BEDAED943A}.Ad-Hoc|iPhone.ActiveCfg = Release|Any CPU
		{89A78DCC-7CC9-49A9-8E45-79BEDAED943A}.Ad-Hoc|iPhone.Build.0 = Release|Any CPU
		{89A78DCC-7CC9-49A9-8E45-79BEDAED943A}.Ad-Hoc|iPhone.Deploy.0 = Release|Any CPU
		{89A78DCC-7CC9-49A9-8E45-79BEDAED943A}.Ad-Hoc|iPhoneSimulator.ActiveCfg = Release|Any CPU
		{89A78DCC-7CC9-49A9-8E45-79BEDAED943A}.Ad-Hoc|iPhoneSimulator.Build.0 = Release|Any CPU
		{89A78DCC-7CC9-49A9-8E45-79BEDAED943A}.Ad-Hoc|iPhoneSimulator.Deploy.0 = Release|Any CPU
		{89A78DCC-7CC9-49A9-8E45-79BEDAED943A}.Ad-Hoc|x64.ActiveCfg = Release|Any CPU
		{89A78DCC-7CC9-49A9-8E45-79BEDAED943A}.Ad-Hoc|x64.Build.0 = Release|Any CPU
		{89A78DCC-7CC9-49A9-8E45-79BEDAED943A}.Ad-Hoc|x64.Deploy.0 = Release|Any CPU
		{89A78DCC-7CC9-49A9-8E45-79BEDAED943A}.Ad-Hoc|x86.ActiveCfg = Release|x86
		{89A78DCC-7CC9-49A9-8E45-79BEDAED943A}.Ad-Hoc|x86.Build.0 = Release|x86
		{89A78DCC-7CC9-49A9-8E45-79BEDAED943A}.Ad-Hoc|x86.Deploy.0 = Release|x86
		{89A78DCC-7CC9-49A9-8E45-79BEDAED943A}.AppStore|Any CPU.ActiveCfg = Release|Any CPU
		{89A78DCC-7CC9-49A9-8E45-79BEDAED943A}.AppStore|Any CPU.Build.0 = Release|Any CPU
		{89A78DCC-7CC9-49A9-8E45-79BEDAED943A}.AppStore|Any CPU.Deploy.0 = Release|Any CPU
		{89A78DCC-7CC9-49A9-8E45-79BEDAED943A}.AppStore|ARM.ActiveCfg = Release|ARM
		{89A78DCC-7CC9-49A9-8E45-79BEDAED943A}.AppStore|ARM.Build.0 = Release|ARM
		{89A78DCC-7CC9-49A9-8E45-79BEDAED943A}.AppStore|ARM.Deploy.0 = Release|ARM
		{89A78DCC-7CC9-49A9-8E45-79BEDAED943A}.AppStore|iPhone.ActiveCfg = Release|Any CPU
		{89A78DCC-7CC9-49A9-8E45-79BEDAED943A}.AppStore|iPhone.Build.0 = Release|Any CPU
		{89A78DCC-7CC9-49A9-8E45-79BEDAED943A}.AppStore|iPhone.Deploy.0 = Release|Any CPU
		{89A78DCC-7CC9-49A9-8E45-79BEDAED943A}.AppStore|iPhoneSimulator.ActiveCfg = Release|Any CPU
		{89A78DCC-7CC9-49A9-8E45-79BEDAED943A}.AppStore|iPhoneSimulator.Build.0 = Release|Any CPU
		{89A78DCC-7CC9-49A9-8E45-79BEDAED943A}.AppStore|iPhoneSimulator.Deploy.0 = Release|Any CPU
		{89A78DCC-7CC9-49A9-8E45-79BEDAED943A}.AppStore|x64.ActiveCfg = Release|Any CPU
		{89A78DCC-7CC9-49A9-8E45-79BEDAED943A}.AppStore|x64.Build.0 = Release|Any CPU
		{89A78DCC-7CC9-49A9-8E45-79BEDAED943A}.AppStore|x64.Deploy.0 = Release|Any CPU
		{89A78DCC-7CC9-49A9-8E45-79BEDAED943A}.AppStore|x86.ActiveCfg = Release|x86
		{89A78DCC-7CC9-49A9-8E45-79BEDAED943A}.AppStore|x86.Build.0 = Release|x86
		{89A78DCC-7CC9-49A9-8E45-79BEDAED943A}.AppStore|x86.Deploy.0 = Release|x86
		{89A78DCC-7CC9-49A9-8E45-79BEDAED943A}.Debug|Any CPU.ActiveCfg = Debug|Any CPU
		{89A78DCC-7CC9-49A9-8E45-79BEDAED943A}.Debug|Any CPU.Build.0 = Debug|Any CPU
		{89A78DCC-7CC9-49A9-8E45-79BEDAED943A}.Debug|Any CPU.Deploy.0 = Debug|Any CPU
		{89A78DCC-7CC9-49A9-8E45-79BEDAED943A}.Debug|ARM.ActiveCfg = Debug|ARM
		{89A78DCC-7CC9-49A9-8E45-79BEDAED943A}.Debug|ARM.Build.0 = Debug|ARM
		{89A78DCC-7CC9-49A9-8E45-79BEDAED943A}.Debug|ARM.Deploy.0 = Debug|ARM
		{89A78DCC-7CC9-49A9-8E45-79BEDAED943A}.Debug|iPhone.ActiveCfg = Debug|Any CPU
		{89A78DCC-7CC9-49A9-8E45-79BEDAED943A}.Debug|iPhone.Build.0 = Debug|Any CPU
		{89A78DCC-7CC9-49A9-8E45-79BEDAED943A}.Debug|iPhone.Deploy.0 = Debug|Any CPU
		{89A78DCC-7CC9-49A9-8E45-79BEDAED943A}.Debug|iPhoneSimulator.ActiveCfg = Debug|Any CPU
		{89A78DCC-7CC9-49A9-8E45-79BEDAED943A}.Debug|iPhoneSimulator.Build.0 = Debug|Any CPU
		{89A78DCC-7CC9-49A9-8E45-79BEDAED943A}.Debug|iPhoneSimulator.Deploy.0 = Debug|Any CPU
		{89A78DCC-7CC9-49A9-8E45-79BEDAED943A}.Debug|x64.ActiveCfg = Debug|Any CPU
		{89A78DCC-7CC9-49A9-8E45-79BEDAED943A}.Debug|x64.Build.0 = Debug|Any CPU
		{89A78DCC-7CC9-49A9-8E45-79BEDAED943A}.Debug|x64.Deploy.0 = Debug|Any CPU
		{89A78DCC-7CC9-49A9-8E45-79BEDAED943A}.Debug|x86.ActiveCfg = Debug|x86
		{89A78DCC-7CC9-49A9-8E45-79BEDAED943A}.Debug|x86.Build.0 = Debug|x86
		{89A78DCC-7CC9-49A9-8E45-79BEDAED943A}.Debug|x86.Deploy.0 = Debug|x86
		{89A78DCC-7CC9-49A9-8E45-79BEDAED943A}.Release|Any CPU.ActiveCfg = Release|Any CPU
		{89A78DCC-7CC9-49A9-8E45-79BEDAED943A}.Release|Any CPU.Build.0 = Release|Any CPU
		{89A78DCC-7CC9-49A9-8E45-79BEDAED943A}.Release|Any CPU.Deploy.0 = Release|Any CPU
		{89A78DCC-7CC9-49A9-8E45-79BEDAED943A}.Release|ARM.ActiveCfg = Release|ARM
		{89A78DCC-7CC9-49A9-8E45-79BEDAED943A}.Release|ARM.Build.0 = Release|ARM
		{89A78DCC-7CC9-49A9-8E45-79BEDAED943A}.Release|ARM.Deploy.0 = Release|ARM
		{89A78DCC-7CC9-49A9-8E45-79BEDAED943A}.Release|iPhone.ActiveCfg = Release|Any CPU
		{89A78DCC-7CC9-49A9-8E45-79BEDAED943A}.Release|iPhone.Build.0 = Release|Any CPU
		{89A78DCC-7CC9-49A9-8E45-79BEDAED943A}.Release|iPhone.Deploy.0 = Release|Any CPU
		{89A78DCC-7CC9-49A9-8E45-79BEDAED943A}.Release|iPhoneSimulator.ActiveCfg = Release|Any CPU
		{89A78DCC-7CC9-49A9-8E45-79BEDAED943A}.Release|iPhoneSimulator.Build.0 = Release|Any CPU
		{89A78DCC-7CC9-49A9-8E45-79BEDAED943A}.Release|iPhoneSimulator.Deploy.0 = Release|Any CPU
		{89A78DCC-7CC9-49A9-8E45-79BEDAED943A}.Release|x64.ActiveCfg = Release|Any CPU
		{89A78DCC-7CC9-49A9-8E45-79BEDAED943A}.Release|x64.Build.0 = Release|Any CPU
		{89A78DCC-7CC9-49A9-8E45-79BEDAED943A}.Release|x64.Deploy.0 = Release|Any CPU
		{89A78DCC-7CC9-49A9-8E45-79BEDAED943A}.Release|x86.ActiveCfg = Release|x86
		{89A78DCC-7CC9-49A9-8E45-79BEDAED943A}.Release|x86.Build.0 = Release|x86
		{89A78DCC-7CC9-49A9-8E45-79BEDAED943A}.Release|x86.Deploy.0 = Release|x86
	EndGlobalSection
	GlobalSection(SolutionProperties) = preSolution
		HideSolutionNode = FALSE
	EndGlobalSection
EndGlobal
